
Microsoft Visual Studio Solution File, Format Version 12.00
# Visual Studio Version 17
VisualStudioVersion = 17.5.33530.505
MinimumVisualStudioVersion = 10.0.40219.1
Project("{FAE04EC0-301F-11D3-BF4B-00C04F79EFBC}") = "TaskManagement.Domain", "TaskManagement.Domain.csproj", "{9F083E40-73B3-4591-AD9A-B8E4FE625369}"
EndProject
Global
	GlobalSection(SolutionConfigurationPlatforms) = preSolution
		Debug|Any CPU = Debug|Any CPU
		Release|Any CPU = Release|Any CPU
	EndGlobalSection
	GlobalSection(ProjectConfigurationPlatforms) = postSolution
		{9F083E40-73B3-4591-AD9A-B8E4FE625369}.Debug|Any CPU.ActiveCfg = Debug|Any CPU
		{9F083E40-73B3-4591-AD9A-B8E4FE625369}.Debug|Any CPU.Build.0 = Debug|Any CPU
		{9F083E40-73B3-4591-AD9A-B8E4FE625369}.Release|Any CPU.ActiveCfg = Release|Any CPU
		{9F083E40-73B3-4591-AD9A-B8E4FE625369}.Release|Any CPU.Build.0 = Release|Any CPU
	EndGlobalSection
	GlobalSection(SolutionProperties) = preSolution
		HideSolutionNode = FALSE
	EndGlobalSection
	GlobalSection(ExtensibilityGlobals) = postSolution
		SolutionGuid = {143BB15B-0BEB-4AC1-A41E-10EEA20B8351}
	EndGlobalSection
EndGlobal
